
Microsoft Visual Studio Solution File, Format Version 12.00
# Visual Studio Version 17
VisualStudioVersion = 17.12.35707.178
MinimumVisualStudioVersion = 10.0.40219.1
Project("{FAE04EC0-301F-11D3-BF4B-00C04F79EFBC}") = "7_1", "7_1\7_1.csproj", "{BBE1E0A3-B484-488F-91CB-6E2E45F57465}"
EndProject
Project("{FAE04EC0-301F-11D3-BF4B-00C04F79EFBC}") = "7_2", "7_2\7_2.csproj", "{65B9C42E-41B6-43BC-A841-27EF2F7715FA}"
EndProject
Project("{FAE04EC0-301F-11D3-BF4B-00C04F79EFBC}") = "7_3", "7_3\7_3.csproj", "{D8150DFF-C89F-4928-8D81-E35EC371CCD5}"
EndProject
Project("{FAE04EC0-301F-11D3-BF4B-00C04F79EFBC}") = "7_4", "7_4\7_4.csproj", "{A7AE0285-04A8-42DF-9870-4B2A109537C9}"
EndProject
Global
	GlobalSection(SolutionConfigurationPlatforms) = preSolution
		Debug|Any CPU = Debug|Any CPU
		Release|Any CPU = Release|Any CPU
	EndGlobalSection
	GlobalSection(ProjectConfigurationPlatforms) = postSolution
		{BBE1E0A3-B484-488F-91CB-6E2E45F57465}.Debug|Any CPU.ActiveCfg = Debug|Any CPU
		{BBE1E0A3-B484-488F-91CB-6E2E45F57465}.Debug|Any CPU.Build.0 = Debug|Any CPU
		{BBE1E0A3-B484-488F-91CB-6E2E45F57465}.Release|Any CPU.ActiveCfg = Release|Any CPU
		{BBE1E0A3-B484-488F-91CB-6E2E45F57465}.Release|Any CPU.Build.0 = Release|Any CPU
		{65B9C42E-41B6-43BC-A841-27EF2F7715FA}.Debug|Any CPU.ActiveCfg = Debug|Any CPU
		{65B9C42E-41B6-43BC-A841-27EF2F7715FA}.Debug|Any CPU.Build.0 = Debug|Any CPU
		{65B9C42E-41B6-43BC-A841-27EF2F7715FA}.Release|Any CPU.ActiveCfg = Release|Any CPU
		{65B9C42E-41B6-43BC-A841-27EF2F7715FA}.Release|Any CPU.Build.0 = Release|Any CPU
		{D8150DFF-C89F-4928-8D81-E35EC371CCD5}.Debug|Any CPU.ActiveCfg = Debug|Any CPU
		{D8150DFF-C89F-4928-8D81-E35EC371CCD5}.Debug|Any CPU.Build.0 = Debug|Any CPU
		{D8150DFF-C89F-4928-8D81-E35EC371CCD5}.Release|Any CPU.ActiveCfg = Release|Any CPU
		{D8150DFF-C89F-4928-8D81-E35EC371CCD5}.Release|Any CPU.Build.0 = Release|Any CPU
		{A7AE0285-04A8-42DF-9870-4B2A109537C9}.Debug|Any CPU.ActiveCfg = Debug|Any CPU
		{A7AE0285-04A8-42DF-9870-4B2A109537C9}.Debug|Any CPU.Build.0 = Debug|Any CPU
		{A7AE0285-04A8-42DF-9870-4B2A109537C9}.Release|Any CPU.ActiveCfg = Release|Any CPU
		{A7AE0285-04A8-42DF-9870-4B2A109537C9}.Release|Any CPU.Build.0 = Release|Any CPU
	EndGlobalSection
	GlobalSection(SolutionProperties) = preSolution
		HideSolutionNode = FALSE
	EndGlobalSection
EndGlobal
